
Microsoft Visual Studio Solution File, Format Version 12.00
# Visual Studio Version 17
VisualStudioVersion = 17.0.32014.148
MinimumVisualStudioVersion = 10.0.40219.1
Project("{FAE04EC0-301F-11D3-BF4B-00C04F79EFBC}") = "DatabaseBackupAuto", "DatabaseBackupAuto\DatabaseBackupAuto.csproj", "{B0758C8C-5E80-4453-BFA4-845B50A99BAF}"
EndProject
Global
	GlobalSection(SolutionConfigurationPlatforms) = preSolution
		Debug|Any CPU = Debug|Any CPU
		Release|Any CPU = Release|Any CPU
	EndGlobalSection
	GlobalSection(ProjectConfigurationPlatforms) = postSolution
		{B0758C8C-5E80-4453-BFA4-845B50A99BAF}.Debug|Any CPU.ActiveCfg = Debug|Any CPU
		{B0758C8C-5E80-4453-BFA4-845B50A99BAF}.Debug|Any CPU.Build.0 = Debug|Any CPU
		{B0758C8C-5E80-4453-BFA4-845B50A99BAF}.Release|Any CPU.ActiveCfg = Release|Any CPU
		{B0758C8C-5E80-4453-BFA4-845B50A99BAF}.Release|Any CPU.Build.0 = Release|Any CPU
	EndGlobalSection
	GlobalSection(SolutionProperties) = preSolution
		HideSolutionNode = FALSE
	EndGlobalSection
	GlobalSection(ExtensibilityGlobals) = postSolution
		SolutionGuid = {23E79D74-C04E-4221-99A6-7FA0F4559A87}
	EndGlobalSection
EndGlobal
